// !$*UTF8*$!
{
	archiveVersion = 1;
	classes = {
	};
	objectVersion = 56;
	objects = {

/* Begin PBXBuildFile section */
		403C13B92A48E4C900C28785 /* NewTweetView.swift in Sources */ = {isa = PBXBuildFile; fileRef = 403C13B82A48E4C900C28785 /* NewTweetView.swift */; };
		403C13BB2A48E5CA00C28785 /* TextArea.swift in Sources */ = {isa = PBXBuildFile; fileRef = 403C13BA2A48E5CA00C28785 /* TextArea.swift */; };
		403C13C02A4915AC00C28785 /* LoginView.swift in Sources */ = {isa = PBXBuildFile; fileRef = 403C13BF2A4915AC00C28785 /* LoginView.swift */; };
		403C13C22A4915BB00C28785 /* RegistrationView.swift in Sources */ = {isa = PBXBuildFile; fileRef = 403C13C12A4915BB00C28785 /* RegistrationView.swift */; };
		403C13C42A49172600C28785 /* RoundedShape.swift in Sources */ = {isa = PBXBuildFile; fileRef = 403C13C32A49172600C28785 /* RoundedShape.swift */; };
		403C13C62A491C0A00C28785 /* CustomInputFields.swift in Sources */ = {isa = PBXBuildFile; fileRef = 403C13C52A491C0A00C28785 /* CustomInputFields.swift */; };
		403C13C92A491DEB00C28785 /* AuthHeaderView.swift in Sources */ = {isa = PBXBuildFile; fileRef = 403C13C82A491DEB00C28785 /* AuthHeaderView.swift */; };
		403C13CB2A4935A500C28785 /* GoogleService-Info.plist in Resources */ = {isa = PBXBuildFile; fileRef = 403C13CA2A4935A500C28785 /* GoogleService-Info.plist */; };
		4060CF6E2A46431300E046B5 /* TwitterChatApp.swift in Sources */ = {isa = PBXBuildFile; fileRef = 4060CF6D2A46431300E046B5 /* TwitterChatApp.swift */; };
		4060CF702A46431300E046B5 /* ContentView.swift in Sources */ = {isa = PBXBuildFile; fileRef = 4060CF6F2A46431300E046B5 /* ContentView.swift */; };
		4060CF722A46431500E046B5 /* Assets.xcassets in Resources */ = {isa = PBXBuildFile; fileRef = 4060CF712A46431500E046B5 /* Assets.xcassets */; };
		4060CF752A46431500E046B5 /* Preview Assets.xcassets in Resources */ = {isa = PBXBuildFile; fileRef = 4060CF742A46431500E046B5 /* Preview Assets.xcassets */; };
		4060CF842A4643C200E046B5 /* FeedView.swift in Sources */ = {isa = PBXBuildFile; fileRef = 4060CF832A4643C200E046B5 /* FeedView.swift */; };
		4060CF872A4644DD00E046B5 /* TweetRowView.swift in Sources */ = {isa = PBXBuildFile; fileRef = 4060CF862A4644DD00E046B5 /* TweetRowView.swift */; };
		4060CF8A2A464A3D00E046B5 /* MainTabView.swift in Sources */ = {isa = PBXBuildFile; fileRef = 4060CF892A464A3D00E046B5 /* MainTabView.swift */; };
		4060CF902A464B6D00E046B5 /* ExploreView.swift in Sources */ = {isa = PBXBuildFile; fileRef = 4060CF8F2A464B6D00E046B5 /* ExploreView.swift */; };
		4060CF922A464B8400E046B5 /* NotificationsView.swift in Sources */ = {isa = PBXBuildFile; fileRef = 4060CF912A464B8400E046B5 /* NotificationsView.swift */; };
		4060CF942A464BA800E046B5 /* MessagesView.swift in Sources */ = {isa = PBXBuildFile; fileRef = 4060CF932A464BA800E046B5 /* MessagesView.swift */; };
		4060CF982A4650A700E046B5 /* ProfileView.swift in Sources */ = {isa = PBXBuildFile; fileRef = 4060CF972A4650A700E046B5 /* ProfileView.swift */; };
		4060CF9A2A465B8700E046B5 /* TweetFilterViewModel.swift in Sources */ = {isa = PBXBuildFile; fileRef = 4060CF992A465B8700E046B5 /* TweetFilterViewModel.swift */; };
		4060CF9F2A46602E00E046B5 /* UserRowView.swift in Sources */ = {isa = PBXBuildFile; fileRef = 4060CF9E2A46602E00E046B5 /* UserRowView.swift */; };
		4060CFA42A48CCDE00E046B5 /* SideMenuView.swift in Sources */ = {isa = PBXBuildFile; fileRef = 4060CFA32A48CCDE00E046B5 /* SideMenuView.swift */; };
		4060CFA82A48CD1500E046B5 /* SideMenuViewModel.swift in Sources */ = {isa = PBXBuildFile; fileRef = 4060CFA72A48CD1500E046B5 /* SideMenuViewModel.swift */; };
		4060CFAA2A48CF0900E046B5 /* UserStatsView.swift in Sources */ = {isa = PBXBuildFile; fileRef = 4060CFA92A48CF0900E046B5 /* UserStatsView.swift */; };
		4060CFAC2A48DD7300E046B5 /* SideMenuOptionRowView.swift in Sources */ = {isa = PBXBuildFile; fileRef = 4060CFAB2A48DD7300E046B5 /* SideMenuOptionRowView.swift */; };
		40F70C002A4936DE00F52CBD /* FirebaseAuth in Frameworks */ = {isa = PBXBuildFile; productRef = 40F70BFF2A4936DE00F52CBD /* FirebaseAuth */; };
		40F70C022A4936DE00F52CBD /* FirebaseFirestore in Frameworks */ = {isa = PBXBuildFile; productRef = 40F70C012A4936DE00F52CBD /* FirebaseFirestore */; };
		40F70C042A4936DE00F52CBD /* FirebaseFirestoreSwift in Frameworks */ = {isa = PBXBuildFile; productRef = 40F70C032A4936DE00F52CBD /* FirebaseFirestoreSwift */; };
		40F70C062A4936DE00F52CBD /* FirebaseStorage in Frameworks */ = {isa = PBXBuildFile; productRef = 40F70C052A4936DE00F52CBD /* FirebaseStorage */; };
		40F70C082A493EF100F52CBD /* AuthViewModel.swift in Sources */ = {isa = PBXBuildFile; fileRef = 40F70C072A493EF100F52CBD /* AuthViewModel.swift */; };
		40F70C0A2A4A3CC500F52CBD /* ProfilePhotoSelectorView.swift in Sources */ = {isa = PBXBuildFile; fileRef = 40F70C092A4A3CC500F52CBD /* ProfilePhotoSelectorView.swift */; };
		40F70C0D2A4A650F00F52CBD /* ImagePicker.swift in Sources */ = {isa = PBXBuildFile; fileRef = 40F70C0C2A4A650F00F52CBD /* ImagePicker.swift */; };
		40F70C0F2A4A6D2100F52CBD /* ImageUploader.swift in Sources */ = {isa = PBXBuildFile; fileRef = 40F70C0E2A4A6D2100F52CBD /* ImageUploader.swift */; };
/* End PBXBuildFile section */

/* Begin PBXFileReference section */
		403C13B82A48E4C900C28785 /* NewTweetView.swift */ = {isa = PBXFileReference; lastKnownFileType = sourcecode.swift; path = NewTweetView.swift; sourceTree = "<group>"; };
		403C13BA2A48E5CA00C28785 /* TextArea.swift */ = {isa = PBXFileReference; lastKnownFileType = sourcecode.swift; path = TextArea.swift; sourceTree = "<group>"; };
		403C13BF2A4915AC00C28785 /* LoginView.swift */ = {isa = PBXFileReference; lastKnownFileType = sourcecode.swift; path = LoginView.swift; sourceTree = "<group>"; };
		403C13C12A4915BB00C28785 /* RegistrationView.swift */ = {isa = PBXFileReference; lastKnownFileType = sourcecode.swift; path = RegistrationView.swift; sourceTree = "<group>"; };
		403C13C32A49172600C28785 /* RoundedShape.swift */ = {isa = PBXFileReference; lastKnownFileType = sourcecode.swift; path = RoundedShape.swift; sourceTree = "<group>"; };
		403C13C52A491C0A00C28785 /* CustomInputFields.swift */ = {isa = PBXFileReference; lastKnownFileType = sourcecode.swift; path = CustomInputFields.swift; sourceTree = "<group>"; };
		403C13C82A491DEB00C28785 /* AuthHeaderView.swift */ = {isa = PBXFileReference; lastKnownFileType = sourcecode.swift; path = AuthHeaderView.swift; sourceTree = "<group>"; };
		403C13CA2A4935A500C28785 /* GoogleService-Info.plist */ = {isa = PBXFileReference; fileEncoding = 4; lastKnownFileType = text.plist.xml; path = "GoogleService-Info.plist"; sourceTree = "<group>"; };
		4060CF6A2A46431300E046B5 /* TwitterChat.app */ = {isa = PBXFileReference; explicitFileType = wrapper.application; includeInIndex = 0; path = TwitterChat.app; sourceTree = BUILT_PRODUCTS_DIR; };
		4060CF6D2A46431300E046B5 /* TwitterChatApp.swift */ = {isa = PBXFileReference; lastKnownFileType = sourcecode.swift; path = TwitterChatApp.swift; sourceTree = "<group>"; };
		4060CF6F2A46431300E046B5 /* ContentView.swift */ = {isa = PBXFileReference; lastKnownFileType = sourcecode.swift; path = ContentView.swift; sourceTree = "<group>"; };
		4060CF712A46431500E046B5 /* Assets.xcassets */ = {isa = PBXFileReference; lastKnownFileType = folder.assetcatalog; path = Assets.xcassets; sourceTree = "<group>"; };
		4060CF742A46431500E046B5 /* Preview Assets.xcassets */ = {isa = PBXFileReference; lastKnownFileType = folder.assetcatalog; path = "Preview Assets.xcassets"; sourceTree = "<group>"; };
		4060CF832A4643C200E046B5 /* FeedView.swift */ = {isa = PBXFileReference; lastKnownFileType = sourcecode.swift; path = FeedView.swift; sourceTree = "<group>"; };
		4060CF862A4644DD00E046B5 /* TweetRowView.swift */ = {isa = PBXFileReference; lastKnownFileType = sourcecode.swift; path = TweetRowView.swift; sourceTree = "<group>"; };
		4060CF892A464A3D00E046B5 /* MainTabView.swift */ = {isa = PBXFileReference; lastKnownFileType = sourcecode.swift; path = MainTabView.swift; sourceTree = "<group>"; };
		4060CF8F2A464B6D00E046B5 /* ExploreView.swift */ = {isa = PBXFileReference; lastKnownFileType = sourcecode.swift; path = ExploreView.swift; sourceTree = "<group>"; };
		4060CF912A464B8400E046B5 /* NotificationsView.swift */ = {isa = PBXFileReference; lastKnownFileType = sourcecode.swift; path = NotificationsView.swift; sourceTree = "<group>"; };
		4060CF932A464BA800E046B5 /* MessagesView.swift */ = {isa = PBXFileReference; lastKnownFileType = sourcecode.swift; path = MessagesView.swift; sourceTree = "<group>"; };
		4060CF972A4650A700E046B5 /* ProfileView.swift */ = {isa = PBXFileReference; lastKnownFileType = sourcecode.swift; path = ProfileView.swift; sourceTree = "<group>"; };
		4060CF992A465B8700E046B5 /* TweetFilterViewModel.swift */ = {isa = PBXFileReference; lastKnownFileType = sourcecode.swift; path = TweetFilterViewModel.swift; sourceTree = "<group>"; };
		4060CF9E2A46602E00E046B5 /* UserRowView.swift */ = {isa = PBXFileReference; lastKnownFileType = sourcecode.swift; path = UserRowView.swift; sourceTree = "<group>"; };
		4060CFA32A48CCDE00E046B5 /* SideMenuView.swift */ = {isa = PBXFileReference; lastKnownFileType = sourcecode.swift; path = SideMenuView.swift; sourceTree = "<group>"; };
		4060CFA72A48CD1500E046B5 /* SideMenuViewModel.swift */ = {isa = PBXFileReference; lastKnownFileType = sourcecode.swift; path = SideMenuViewModel.swift; sourceTree = "<group>"; };
		4060CFA92A48CF0900E046B5 /* UserStatsView.swift */ = {isa = PBXFileReference; lastKnownFileType = sourcecode.swift; path = UserStatsView.swift; sourceTree = "<group>"; };
		4060CFAB2A48DD7300E046B5 /* SideMenuOptionRowView.swift */ = {isa = PBXFileReference; lastKnownFileType = sourcecode.swift; path = SideMenuOptionRowView.swift; sourceTree = "<group>"; };
		40F70C072A493EF100F52CBD /* AuthViewModel.swift */ = {isa = PBXFileReference; lastKnownFileType = sourcecode.swift; path = AuthViewModel.swift; sourceTree = "<group>"; };
		40F70C092A4A3CC500F52CBD /* ProfilePhotoSelectorView.swift */ = {isa = PBXFileReference; lastKnownFileType = sourcecode.swift; path = ProfilePhotoSelectorView.swift; sourceTree = "<group>"; };
		40F70C0C2A4A650F00F52CBD /* ImagePicker.swift */ = {isa = PBXFileReference; lastKnownFileType = sourcecode.swift; path = ImagePicker.swift; sourceTree = "<group>"; };
		40F70C0E2A4A6D2100F52CBD /* ImageUploader.swift */ = {isa = PBXFileReference; lastKnownFileType = sourcecode.swift; path = ImageUploader.swift; sourceTree = "<group>"; };
/* End PBXFileReference section */

/* Begin PBXFrameworksBuildPhase section */
		4060CF672A46431300E046B5 /* Frameworks */ = {
			isa = PBXFrameworksBuildPhase;
			buildActionMask = 2147483647;
			files = (
				40F70C002A4936DE00F52CBD /* FirebaseAuth in Frameworks */,
				40F70C062A4936DE00F52CBD /* FirebaseStorage in Frameworks */,
				40F70C022A4936DE00F52CBD /* FirebaseFirestore in Frameworks */,
				40F70C042A4936DE00F52CBD /* FirebaseFirestoreSwift in Frameworks */,
			);
			runOnlyForDeploymentPostprocessing = 0;
		};
/* End PBXFrameworksBuildPhase section */

/* Begin PBXGroup section */
		403C13B52A48E4A400C28785 /* UploadTweet */ = {
			isa = PBXGroup;
			children = (
				403C13B72A48E4B500C28785 /* ViewModels */,
				403C13B62A48E4AF00C28785 /* Views */,
			);
			path = UploadTweet;
			sourceTree = "<group>";
		};
		403C13B62A48E4AF00C28785 /* Views */ = {
			isa = PBXGroup;
			children = (
				403C13B82A48E4C900C28785 /* NewTweetView.swift */,
			);
			path = Views;
			sourceTree = "<group>";
		};
		403C13B72A48E4B500C28785 /* ViewModels */ = {
			isa = PBXGroup;
			children = (
			);
			path = ViewModels;
			sourceTree = "<group>";
		};
		403C13BC2A49158500C28785 /* Authentication */ = {
			isa = PBXGroup;
			children = (
				403C13BE2A49159800C28785 /* ViewModel */,
				403C13BD2A49159200C28785 /* Views */,
			);
			path = Authentication;
			sourceTree = "<group>";
		};
		403C13BD2A49159200C28785 /* Views */ = {
			isa = PBXGroup;
			children = (
				403C13BF2A4915AC00C28785 /* LoginView.swift */,
				403C13C12A4915BB00C28785 /* RegistrationView.swift */,
				40F70C092A4A3CC500F52CBD /* ProfilePhotoSelectorView.swift */,
			);
			path = Views;
			sourceTree = "<group>";
		};
		403C13BE2A49159800C28785 /* ViewModel */ = {
			isa = PBXGroup;
			children = (
				40F70C072A493EF100F52CBD /* AuthViewModel.swift */,
			);
			path = ViewModel;
			sourceTree = "<group>";
		};
		403C13C72A491DCD00C28785 /* Authentication */ = {
			isa = PBXGroup;
			children = (
				403C13C82A491DEB00C28785 /* AuthHeaderView.swift */,
			);
			path = Authentication;
			sourceTree = "<group>";
		};
		4060CF612A46431300E046B5 = {
			isa = PBXGroup;
			children = (
				4060CF6C2A46431300E046B5 /* TwitterChat */,
				4060CF6B2A46431300E046B5 /* Products */,
			);
			sourceTree = "<group>";
		};
		4060CF6B2A46431300E046B5 /* Products */ = {
			isa = PBXGroup;
			children = (
				4060CF6A2A46431300E046B5 /* TwitterChat.app */,
			);
			name = Products;
			sourceTree = "<group>";
		};
		4060CF6C2A46431300E046B5 /* TwitterChat */ = {
			isa = PBXGroup;
			children = (
				40F70C0B2A4A64FD00F52CBD /* Utils */,
				4060CF7E2A46433E00E046B5 /* Extensions */,
				4060CF7D2A46433C00E046B5 /* Model */,
				4060CF7C2A46433800E046B5 /* Service */,
				4060CF7B2A46433100E046B5 /* Core */,
				4060CF6D2A46431300E046B5 /* TwitterChatApp.swift */,
				4060CF6F2A46431300E046B5 /* ContentView.swift */,
				403C13CA2A4935A500C28785 /* GoogleService-Info.plist */,
				4060CF712A46431500E046B5 /* Assets.xcassets */,
				4060CF732A46431500E046B5 /* Preview Content */,
			);
			path = TwitterChat;
			sourceTree = "<group>";
		};
		4060CF732A46431500E046B5 /* Preview Content */ = {
			isa = PBXGroup;
			children = (
				4060CF742A46431500E046B5 /* Preview Assets.xcassets */,
			);
			path = "Preview Content";
			sourceTree = "<group>";
		};
		4060CF7B2A46433100E046B5 /* Core */ = {
			isa = PBXGroup;
			children = (
				403C13BC2A49158500C28785 /* Authentication */,
				4060CF7F2A46435800E046B5 /* Components */,
				403C13B52A48E4A400C28785 /* UploadTweet */,
				4060CFA02A48CC8B00E046B5 /* SideMenu */,
				4060CF8E2A464B2200E046B5 /* Profile */,
				4060CF8D2A464B0A00E046B5 /* Explore */,
				4060CF8C2A464B0700E046B5 /* Notifications */,
				4060CF8B2A464B0400E046B5 /* Messages */,
				4060CF882A464A2200E046B5 /* MainTab */,
				4060CF802A46435F00E046B5 /* Feed */,
			);
			path = Core;
			sourceTree = "<group>";
		};
		4060CF7C2A46433800E046B5 /* Service */ = {
			isa = PBXGroup;
			children = (
				40F70C0E2A4A6D2100F52CBD /* ImageUploader.swift */,
			);
			path = Service;
			sourceTree = "<group>";
		};
		4060CF7D2A46433C00E046B5 /* Model */ = {
			isa = PBXGroup;
			children = (
			);
			path = Model;
			sourceTree = "<group>";
		};
		4060CF7E2A46433E00E046B5 /* Extensions */ = {
			isa = PBXGroup;
			children = (
			);
			path = Extensions;
			sourceTree = "<group>";
		};
		4060CF7F2A46435800E046B5 /* Components */ = {
			isa = PBXGroup;
			children = (
				403C13C72A491DCD00C28785 /* Authentication */,
				4060CF9D2A46602100E046B5 /* Users */,
				4060CF852A4644B100E046B5 /* Tweets */,
				403C13BA2A48E5CA00C28785 /* TextArea.swift */,
				403C13C32A49172600C28785 /* RoundedShape.swift */,
				403C13C52A491C0A00C28785 /* CustomInputFields.swift */,
			);
			path = Components;
			sourceTree = "<group>";
		};
		4060CF802A46435F00E046B5 /* Feed */ = {
			isa = PBXGroup;
			children = (
				4060CF822A4643A400E046B5 /* ViewModels */,
				4060CF812A4643A100E046B5 /* View */,
			);
			path = Feed;
			sourceTree = "<group>";
		};
		4060CF812A4643A100E046B5 /* View */ = {
			isa = PBXGroup;
			children = (
				4060CF832A4643C200E046B5 /* FeedView.swift */,
			);
			path = View;
			sourceTree = "<group>";
		};
		4060CF822A4643A400E046B5 /* ViewModels */ = {
			isa = PBXGroup;
			children = (
			);
			path = ViewModels;
			sourceTree = "<group>";
		};
		4060CF852A4644B100E046B5 /* Tweets */ = {
			isa = PBXGroup;
			children = (
				4060CF862A4644DD00E046B5 /* TweetRowView.swift */,
			);
			path = Tweets;
			sourceTree = "<group>";
		};
		4060CF882A464A2200E046B5 /* MainTab */ = {
			isa = PBXGroup;
			children = (
				4060CF892A464A3D00E046B5 /* MainTabView.swift */,
			);
			path = MainTab;
			sourceTree = "<group>";
		};
		4060CF8B2A464B0400E046B5 /* Messages */ = {
			isa = PBXGroup;
			children = (
				4060CF932A464BA800E046B5 /* MessagesView.swift */,
			);
			path = Messages;
			sourceTree = "<group>";
		};
		4060CF8C2A464B0700E046B5 /* Notifications */ = {
			isa = PBXGroup;
			children = (
				4060CF912A464B8400E046B5 /* NotificationsView.swift */,
			);
			path = Notifications;
			sourceTree = "<group>";
		};
		4060CF8D2A464B0A00E046B5 /* Explore */ = {
			isa = PBXGroup;
			children = (
				4060CF9B2A465FFA00E046B5 /* ViewModels */,
				4060CF9C2A46600500E046B5 /* Views */,
			);
			path = Explore;
			sourceTree = "<group>";
		};
		4060CF8E2A464B2200E046B5 /* Profile */ = {
			isa = PBXGroup;
			children = (
				4060CF952A46508C00E046B5 /* ViewModels */,
				4060CF962A46509400E046B5 /* Views */,
			);
			path = Profile;
			sourceTree = "<group>";
		};
		4060CF952A46508C00E046B5 /* ViewModels */ = {
			isa = PBXGroup;
			children = (
				4060CF992A465B8700E046B5 /* TweetFilterViewModel.swift */,
			);
			path = ViewModels;
			sourceTree = "<group>";
		};
		4060CF962A46509400E046B5 /* Views */ = {
			isa = PBXGroup;
			children = (
				4060CF972A4650A700E046B5 /* ProfileView.swift */,
			);
			path = Views;
			sourceTree = "<group>";
		};
		4060CF9B2A465FFA00E046B5 /* ViewModels */ = {
			isa = PBXGroup;
			children = (
			);
			path = ViewModels;
			sourceTree = "<group>";
		};
		4060CF9C2A46600500E046B5 /* Views */ = {
			isa = PBXGroup;
			children = (
				4060CF8F2A464B6D00E046B5 /* ExploreView.swift */,
			);
			path = Views;
			sourceTree = "<group>";
		};
		4060CF9D2A46602100E046B5 /* Users */ = {
			isa = PBXGroup;
			children = (
				4060CF9E2A46602E00E046B5 /* UserRowView.swift */,
				4060CFA92A48CF0900E046B5 /* UserStatsView.swift */,
			);
			path = Users;
			sourceTree = "<group>";
		};
		4060CFA02A48CC8B00E046B5 /* SideMenu */ = {
			isa = PBXGroup;
			children = (
				4060CFA12A48CCB100E046B5 /* ViewModel */,
				4060CFA22A48CCBA00E046B5 /* Views */,
			);
			path = SideMenu;
			sourceTree = "<group>";
		};
		4060CFA12A48CCB100E046B5 /* ViewModel */ = {
			isa = PBXGroup;
			children = (
				4060CFA72A48CD1500E046B5 /* SideMenuViewModel.swift */,
			);
			path = ViewModel;
			sourceTree = "<group>";
		};
		4060CFA22A48CCBA00E046B5 /* Views */ = {
			isa = PBXGroup;
			children = (
				4060CFA32A48CCDE00E046B5 /* SideMenuView.swift */,
				4060CFAB2A48DD7300E046B5 /* SideMenuOptionRowView.swift */,
			);
			path = Views;
			sourceTree = "<group>";
		};
		40F70C0B2A4A64FD00F52CBD /* Utils */ = {
			isa = PBXGroup;
			children = (
				40F70C0C2A4A650F00F52CBD /* ImagePicker.swift */,
			);
			path = Utils;
			sourceTree = "<group>";
		};
/* End PBXGroup section */

/* Begin PBXNativeTarget section */
		4060CF692A46431300E046B5 /* TwitterChat */ = {
			isa = PBXNativeTarget;
			buildConfigurationList = 4060CF782A46431500E046B5 /* Build configuration list for PBXNativeTarget "TwitterChat" */;
			buildPhases = (
				4060CF662A46431300E046B5 /* Sources */,
				4060CF672A46431300E046B5 /* Frameworks */,
				4060CF682A46431300E046B5 /* Resources */,
			);
			buildRules = (
			);
			dependencies = (
			);
			name = TwitterChat;
			packageProductDependencies = (
				40F70BFF2A4936DE00F52CBD /* FirebaseAuth */,
				40F70C012A4936DE00F52CBD /* FirebaseFirestore */,
				40F70C032A4936DE00F52CBD /* FirebaseFirestoreSwift */,
				40F70C052A4936DE00F52CBD /* FirebaseStorage */,
			);
			productName = TwitterChat;
			productReference = 4060CF6A2A46431300E046B5 /* TwitterChat.app */;
			productType = "com.apple.product-type.application";
		};
/* End PBXNativeTarget section */

/* Begin PBXProject section */
		4060CF622A46431300E046B5 /* Project object */ = {
			isa = PBXProject;
			attributes = {
				BuildIndependentTargetsInParallel = 1;
				LastSwiftUpdateCheck = 1430;
				LastUpgradeCheck = 1430;
				TargetAttributes = {
					4060CF692A46431300E046B5 = {
						CreatedOnToolsVersion = 14.3.1;
					};
				};
			};
			buildConfigurationList = 4060CF652A46431300E046B5 /* Build configuration list for PBXProject "TwitterChat" */;
			compatibilityVersion = "Xcode 14.0";
			developmentRegion = en;
			hasScannedForEncodings = 0;
			knownRegions = (
				en,
				Base,
			);
			mainGroup = 4060CF612A46431300E046B5;
			packageReferences = (
				40F70BFE2A4936DE00F52CBD /* XCRemoteSwiftPackageReference "firebase-ios-sdk" */,
			);
			productRefGroup = 4060CF6B2A46431300E046B5 /* Products */;
			projectDirPath = "";
			projectRoot = "";
			targets = (
				4060CF692A46431300E046B5 /* TwitterChat */,
			);
		};
/* End PBXProject section */

/* Begin PBXResourcesBuildPhase section */
		4060CF682A46431300E046B5 /* Resources */ = {
			isa = PBXResourcesBuildPhase;
			buildActionMask = 2147483647;
			files = (
				4060CF752A46431500E046B5 /* Preview Assets.xcassets in Resources */,
				4060CF722A46431500E046B5 /* Assets.xcassets in Resources */,
				403C13CB2A4935A500C28785 /* GoogleService-Info.plist in Resources */,
			);
			runOnlyForDeploymentPostprocessing = 0;
		};
/* End PBXResourcesBuildPhase section */

/* Begin PBXSourcesBuildPhase section */
		4060CF662A46431300E046B5 /* Sources */ = {
			isa = PBXSourcesBuildPhase;
			buildActionMask = 2147483647;
			files = (
				4060CF942A464BA800E046B5 /* MessagesView.swift in Sources */,
				4060CF982A4650A700E046B5 /* ProfileView.swift in Sources */,
				40F70C0D2A4A650F00F52CBD /* ImagePicker.swift in Sources */,
				4060CF702A46431300E046B5 /* ContentView.swift in Sources */,
				4060CF872A4644DD00E046B5 /* TweetRowView.swift in Sources */,
				40F70C0F2A4A6D2100F52CBD /* ImageUploader.swift in Sources */,
				4060CF9A2A465B8700E046B5 /* TweetFilterViewModel.swift in Sources */,
				4060CF842A4643C200E046B5 /* FeedView.swift in Sources */,
				4060CFA42A48CCDE00E046B5 /* SideMenuView.swift in Sources */,
				403C13C92A491DEB00C28785 /* AuthHeaderView.swift in Sources */,
				40F70C0A2A4A3CC500F52CBD /* ProfilePhotoSelectorView.swift in Sources */,
				4060CF6E2A46431300E046B5 /* TwitterChatApp.swift in Sources */,
				4060CF902A464B6D00E046B5 /* ExploreView.swift in Sources */,
				4060CFA82A48CD1500E046B5 /* SideMenuViewModel.swift in Sources */,
				403C13BB2A48E5CA00C28785 /* TextArea.swift in Sources */,
				4060CF9F2A46602E00E046B5 /* UserRowView.swift in Sources */,
				403C13C02A4915AC00C28785 /* LoginView.swift in Sources */,
				403C13C22A4915BB00C28785 /* RegistrationView.swift in Sources */,
				403C13B92A48E4C900C28785 /* NewTweetView.swift in Sources */,
				403C13C42A49172600C28785 /* RoundedShape.swift in Sources */,
				40F70C082A493EF100F52CBD /* AuthViewModel.swift in Sources */,
				403C13C62A491C0A00C28785 /* CustomInputFields.swift in Sources */,
				4060CFAC2A48DD7300E046B5 /* SideMenuOptionRowView.swift in Sources */,
				4060CF8A2A464A3D00E046B5 /* MainTabView.swift in Sources */,
				4060CF922A464B8400E046B5 /* NotificationsView.swift in Sources */,
				4060CFAA2A48CF0900E046B5 /* UserStatsView.swift in Sources */,
			);
			runOnlyForDeploymentPostprocessing = 0;
		};
/* End PBXSourcesBuildPhase section */

/* Begin XCBuildConfiguration section */
		4060CF762A46431500E046B5 /* Debug */ = {
			isa = XCBuildConfiguration;
			buildSettings = {
				ALWAYS_SEARCH_USER_PATHS = NO;
				CLANG_ANALYZER_NONNULL = YES;
				CLANG_ANALYZER_NUMBER_OBJECT_CONVERSION = YES_AGGRESSIVE;
				CLANG_CXX_LANGUAGE_STANDARD = "gnu++20";
				CLANG_ENABLE_MODULES = YES;
				CLANG_ENABLE_OBJC_ARC = YES;
				CLANG_ENABLE_OBJC_WEAK = YES;
				CLANG_WARN_BLOCK_CAPTURE_AUTORELEASING = YES;
				CLANG_WARN_BOOL_CONVERSION = YES;
				CLANG_WARN_COMMA = YES;
				CLANG_WARN_CONSTANT_CONVERSION = YES;
				CLANG_WARN_DEPRECATED_OBJC_IMPLEMENTATIONS = YES;
				CLANG_WARN_DIRECT_OBJC_ISA_USAGE = YES_ERROR;
				CLANG_WARN_DOCUMENTATION_COMMENTS = YES;
				CLANG_WARN_EMPTY_BODY = YES;
				CLANG_WARN_ENUM_CONVERSION = YES;
				CLANG_WARN_INFINITE_RECURSION = YES;
				CLANG_WARN_INT_CONVERSION = YES;
				CLANG_WARN_NON_LITERAL_NULL_CONVERSION = YES;
				CLANG_WARN_OBJC_IMPLICIT_RETAIN_SELF = YES;
				CLANG_WARN_OBJC_LITERAL_CONVERSION = YES;
				CLANG_WARN_OBJC_ROOT_CLASS = YES_ERROR;
				CLANG_WARN_QUOTED_INCLUDE_IN_FRAMEWORK_HEADER = YES;
				CLANG_WARN_RANGE_LOOP_ANALYSIS = YES;
				CLANG_WARN_STRICT_PROTOTYPES = YES;
				CLANG_WARN_SUSPICIOUS_MOVE = YES;
				CLANG_WARN_UNGUARDED_AVAILABILITY = YES_AGGRESSIVE;
				CLANG_WARN_UNREACHABLE_CODE = YES;
				CLANG_WARN__DUPLICATE_METHOD_MATCH = YES;
				COPY_PHASE_STRIP = NO;
				DEBUG_INFORMATION_FORMAT = dwarf;
				ENABLE_STRICT_OBJC_MSGSEND = YES;
				ENABLE_TESTABILITY = YES;
				GCC_C_LANGUAGE_STANDARD = gnu11;
				GCC_DYNAMIC_NO_PIC = NO;
				GCC_NO_COMMON_BLOCKS = YES;
				GCC_OPTIMIZATION_LEVEL = 0;
				GCC_PREPROCESSOR_DEFINITIONS = (
					"DEBUG=1",
					"$(inherited)",
				);
				GCC_WARN_64_TO_32_BIT_CONVERSION = YES;
				GCC_WARN_ABOUT_RETURN_TYPE = YES_ERROR;
				GCC_WARN_UNDECLARED_SELECTOR = YES;
				GCC_WARN_UNINITIALIZED_AUTOS = YES_AGGRESSIVE;
				GCC_WARN_UNUSED_FUNCTION = YES;
				GCC_WARN_UNUSED_VARIABLE = YES;
				IPHONEOS_DEPLOYMENT_TARGET = 16.4;
				MTL_ENABLE_DEBUG_INFO = INCLUDE_SOURCE;
				MTL_FAST_MATH = YES;
				ONLY_ACTIVE_ARCH = YES;
				SDKROOT = iphoneos;
				SWIFT_ACTIVE_COMPILATION_CONDITIONS = DEBUG;
				SWIFT_OPTIMIZATION_LEVEL = "-Onone";
			};
			name = Debug;
		};
		4060CF772A46431500E046B5 /* Release */ = {
			isa = XCBuildConfiguration;
			buildSettings = {
				ALWAYS_SEARCH_USER_PATHS = NO;
				CLANG_ANALYZER_NONNULL = YES;
				CLANG_ANALYZER_NUMBER_OBJECT_CONVERSION = YES_AGGRESSIVE;
				CLANG_CXX_LANGUAGE_STANDARD = "gnu++20";
				CLANG_ENABLE_MODULES = YES;
				CLANG_ENABLE_OBJC_ARC = YES;
				CLANG_ENABLE_OBJC_WEAK = YES;
				CLANG_WARN_BLOCK_CAPTURE_AUTORELEASING = YES;
				CLANG_WARN_BOOL_CONVERSION = YES;
				CLANG_WARN_COMMA = YES;
				CLANG_WARN_CONSTANT_CONVERSION = YES;
				CLANG_WARN_DEPRECATED_OBJC_IMPLEMENTATIONS = YES;
				CLANG_WARN_DIRECT_OBJC_ISA_USAGE = YES_ERROR;
				CLANG_WARN_DOCUMENTATION_COMMENTS = YES;
				CLANG_WARN_EMPTY_BODY = YES;
				CLANG_WARN_ENUM_CONVERSION = YES;
				CLANG_WARN_INFINITE_RECURSION = YES;
				CLANG_WARN_INT_CONVERSION = YES;
				CLANG_WARN_NON_LITERAL_NULL_CONVERSION = YES;
				CLANG_WARN_OBJC_IMPLICIT_RETAIN_SELF = YES;
				CLANG_WARN_OBJC_LITERAL_CONVERSION = YES;
				CLANG_WARN_OBJC_ROOT_CLASS = YES_ERROR;
				CLANG_WARN_QUOTED_INCLUDE_IN_FRAMEWORK_HEADER = YES;
				CLANG_WARN_RANGE_LOOP_ANALYSIS = YES;
				CLANG_WARN_STRICT_PROTOTYPES = YES;
				CLANG_WARN_SUSPICIOUS_MOVE = YES;
				CLANG_WARN_UNGUARDED_AVAILABILITY = YES_AGGRESSIVE;
				CLANG_WARN_UNREACHABLE_CODE = YES;
				CLANG_WARN__DUPLICATE_METHOD_MATCH = YES;
				COPY_PHASE_STRIP = NO;
				DEBUG_INFORMATION_FORMAT = "dwarf-with-dsym";
				ENABLE_NS_ASSERTIONS = NO;
				ENABLE_STRICT_OBJC_MSGSEND = YES;
				GCC_C_LANGUAGE_STANDARD = gnu11;
				GCC_NO_COMMON_BLOCKS = YES;
				GCC_WARN_64_TO_32_BIT_CONVERSION = YES;
				GCC_WARN_ABOUT_RETURN_TYPE = YES_ERROR;
				GCC_WARN_UNDECLARED_SELECTOR = YES;
				GCC_WARN_UNINITIALIZED_AUTOS = YES_AGGRESSIVE;
				GCC_WARN_UNUSED_FUNCTION = YES;
				GCC_WARN_UNUSED_VARIABLE = YES;
				IPHONEOS_DEPLOYMENT_TARGET = 16.4;
				MTL_ENABLE_DEBUG_INFO = NO;
				MTL_FAST_MATH = YES;
				SDKROOT = iphoneos;
				SWIFT_COMPILATION_MODE = wholemodule;
				SWIFT_OPTIMIZATION_LEVEL = "-O";
				VALIDATE_PRODUCT = YES;
			};
			name = Release;
		};
		4060CF792A46431500E046B5 /* Debug */ = {
			isa = XCBuildConfiguration;
			buildSettings = {
				ASSETCATALOG_COMPILER_APPICON_NAME = AppIcon;
				ASSETCATALOG_COMPILER_GLOBAL_ACCENT_COLOR_NAME = AccentColor;
				CODE_SIGN_STYLE = Automatic;
				CURRENT_PROJECT_VERSION = 1;
				DEVELOPMENT_ASSET_PATHS = "\"TwitterChat/Preview Content\"";
				DEVELOPMENT_TEAM = 7BF453L282;
				ENABLE_PREVIEWS = YES;
				GENERATE_INFOPLIST_FILE = YES;
				INFOPLIST_KEY_UIApplicationSceneManifest_Generation = YES;
				INFOPLIST_KEY_UIApplicationSupportsIndirectInputEvents = YES;
				INFOPLIST_KEY_UILaunchScreen_Generation = YES;
				INFOPLIST_KEY_UISupportedInterfaceOrientations_iPad = "UIInterfaceOrientationPortrait UIInterfaceOrientationPortraitUpsideDown UIInterfaceOrientationLandscapeLeft UIInterfaceOrientationLandscapeRight";
				INFOPLIST_KEY_UISupportedInterfaceOrientations_iPhone = "UIInterfaceOrientationPortrait UIInterfaceOrientationLandscapeLeft UIInterfaceOrientationLandscapeRight";
				LD_RUNPATH_SEARCH_PATHS = (
					"$(inherited)",
					"@executable_path/Frameworks",
				);
				MARKETING_VERSION = 1.0;
				PRODUCT_BUNDLE_IDENTIFIER = freecode.pythonanywhere.www.TwitterChat;
				PRODUCT_NAME = "$(TARGET_NAME)";
				SWIFT_EMIT_LOC_STRINGS = YES;
				SWIFT_VERSION = 5.0;
				TARGETED_DEVICE_FAMILY = "1,2";
			};
			name = Debug;
		};
		4060CF7A2A46431500E046B5 /* Release */ = {
			isa = XCBuildConfiguration;
			buildSettings = {
				ASSETCATALOG_COMPILER_APPICON_NAME = AppIcon;
				ASSETCATALOG_COMPILER_GLOBAL_ACCENT_COLOR_NAME = AccentColor;
				CODE_SIGN_STYLE = Automatic;
				CURRENT_PROJECT_VERSION = 1;
				DEVELOPMENT_ASSET_PATHS = "\"TwitterChat/Preview Content\"";
				DEVELOPMENT_TEAM = 7BF453L282;
				ENABLE_PREVIEWS = YES;
				GENERATE_INFOPLIST_FILE = YES;
				INFOPLIST_KEY_UIApplicationSceneManifest_Generation = YES;
				INFOPLIST_KEY_UIApplicationSupportsIndirectInputEvents = YES;
				INFOPLIST_KEY_UILaunchScreen_Generation = YES;
				INFOPLIST_KEY_UISupportedInterfaceOrientations_iPad = "UIInterfaceOrientationPortrait UIInterfaceOrientationPortraitUpsideDown UIInterfaceOrientationLandscapeLeft UIInterfaceOrientationLandscapeRight";
				INFOPLIST_KEY_UISupportedInterfaceOrientations_iPhone = "UIInterfaceOrientationPortrait UIInterfaceOrientationLandscapeLeft UIInterfaceOrientationLandscapeRight";
				LD_RUNPATH_SEARCH_PATHS = (
					"$(inherited)",
					"@executable_path/Frameworks",
				);
				MARKETING_VERSION = 1.0;
				PRODUCT_BUNDLE_IDENTIFIER = freecode.pythonanywhere.www.TwitterChat;
				PRODUCT_NAME = "$(TARGET_NAME)";
				SWIFT_EMIT_LOC_STRINGS = YES;
				SWIFT_VERSION = 5.0;
				TARGETED_DEVICE_FAMILY = "1,2";
			};
			name = Release;
		};
/* End XCBuildConfiguration section */

/* Begin XCConfigurationList section */
		4060CF652A46431300E046B5 /* Build configuration list for PBXProject "TwitterChat" */ = {
			isa = XCConfigurationList;
			buildConfigurations = (
				4060CF762A46431500E046B5 /* Debug */,
				4060CF772A46431500E046B5 /* Release */,
			);
			defaultConfigurationIsVisible = 0;
			defaultConfigurationName = Release;
		};
		4060CF782A46431500E046B5 /* Build configuration list for PBXNativeTarget "TwitterChat" */ = {
			isa = XCConfigurationList;
			buildConfigurations = (
				4060CF792A46431500E046B5 /* Debug */,
				4060CF7A2A46431500E046B5 /* Release */,
			);
			defaultConfigurationIsVisible = 0;
			defaultConfigurationName = Release;
		};
/* End XCConfigurationList section */

/* Begin XCRemoteSwiftPackageReference section */
		40F70BFE2A4936DE00F52CBD /* XCRemoteSwiftPackageReference "firebase-ios-sdk" */ = {
			isa = XCRemoteSwiftPackageReference;
			repositoryURL = "https://github.com/firebase/firebase-ios-sdk";
			requirement = {
				kind = upToNextMajorVersion;
				minimumVersion = 10.0.0;
			};
		};
/* End XCRemoteSwiftPackageReference section */

/* Begin XCSwiftPackageProductDependency section */
		40F70BFF2A4936DE00F52CBD /* FirebaseAuth */ = {
			isa = XCSwiftPackageProductDependency;
			package = 40F70BFE2A4936DE00F52CBD /* XCRemoteSwiftPackageReference "firebase-ios-sdk" */;
			productName = FirebaseAuth;
		};
		40F70C012A4936DE00F52CBD /* FirebaseFirestore */ = {
			isa = XCSwiftPackageProductDependency;
			package = 40F70BFE2A4936DE00F52CBD /* XCRemoteSwiftPackageReference "firebase-ios-sdk" */;
			productName = FirebaseFirestore;
		};
		40F70C032A4936DE00F52CBD /* FirebaseFirestoreSwift */ = {
			isa = XCSwiftPackageProductDependency;
			package = 40F70BFE2A4936DE00F52CBD /* XCRemoteSwiftPackageReference "firebase-ios-sdk" */;
			productName = FirebaseFirestoreSwift;
		};
		40F70C052A4936DE00F52CBD /* FirebaseStorage */ = {
			isa = XCSwiftPackageProductDependency;
			package = 40F70BFE2A4936DE00F52CBD /* XCRemoteSwiftPackageReference "firebase-ios-sdk" */;
			productName = FirebaseStorage;
		};
/* End XCSwiftPackageProductDependency section */
	};
	rootObject = 4060CF622A46431300E046B5 /* Project object */;
}
